Microsoft Visual Studio Solution File, Format Version 12.00
# Visual Studio Version 17
VisualStudioVersion = 17.5.2.0
MinimumVisualStudioVersion = 10.0.40219.1
Project("{FAE04EC0-301F-11D3-BF4B-00C04F79EFBC}") = "AirReservationsApp", "AirReservationsApp\AirReservationsApp.csproj", "{5EA2053A-81C9-6839-F720-980089FBB54F}"
EndProject
Global
	GlobalSection(SolutionConfigurationPlatforms) = preSolution
		Debug|Any CPU = Debug|Any CPU
		Release|Any CPU = Release|Any CPU
	EndGlobalSection
	GlobalSection(ProjectConfigurationPlatforms) = postSolution
		{5EA2053A-81C9-6839-F720-980089FBB54F}.Debug|Any CPU.ActiveCfg = Debug|Any CPU
		{5EA2053A-81C9-6839-F720-980089FBB54F}.Debug|Any CPU.Build.0 = Debug|Any CPU
		{5EA2053A-81C9-6839-F720-980089FBB54F}.Release|Any CPU.ActiveCfg = Release|Any CPU
		{5EA2053A-81C9-6839-F720-980089FBB54F}.Release|Any CPU.Build.0 = Release|Any CPU
	EndGlobalSection
	GlobalSection(SolutionProperties) = preSolution
		HideSolutionNode = FALSE
	EndGlobalSection
	GlobalSection(ExtensibilityGlobals) = postSolution
		SolutionGuid = {934CAFC3-257D-492E-9378-46FE7D80AE9B}
	EndGlobalSection
EndGlobal
